
Microsoft Visual Studio Solution File, Format Version 12.00
# Visual Studio 15
VisualStudioVersion = 15.0.27703.2000
MinimumVisualStudioVersion = 10.0.40219.1
Project("{FAE04EC0-301F-11D3-BF4B-00C04F79EFBC}") = "ConsoleApp2", "ConsoleApp2\ConsoleApp2.csproj", "{6CF29A36-863D-4524-807B-CF72FD11FED2}"
EndProject
Global
	GlobalSection(SolutionConfigurationPlatforms) = preSolution
		Debug|Any CPU = Debug|Any CPU
		Release|Any CPU = Release|Any CPU
	EndGlobalSection
	GlobalSection(ProjectConfigurationPlatforms) = postSolution
		{6CF29A36-863D-4524-807B-CF72FD11FED2}.Debug|Any CPU.ActiveCfg = Debug|Any CPU
		{6CF29A36-863D-4524-807B-CF72FD11FED2}.Debug|Any CPU.Build.0 = Debug|Any CPU
		{6CF29A36-863D-4524-807B-CF72FD11FED2}.Release|Any CPU.ActiveCfg = Release|Any CPU
		{6CF29A36-863D-4524-807B-CF72FD11FED2}.Release|Any CPU.Build.0 = Release|Any CPU
	EndGlobalSection
	GlobalSection(SolutionProperties) = preSolution
		HideSolutionNode = FALSE
	EndGlobalSection
	GlobalSection(ExtensibilityGlobals) = postSolution
		SolutionGuid = {0FC77533-49DB-4419-9A58-77D415DF8418}
	EndGlobalSection
EndGlobal
